lockfileVersion: 5.4

importers:

  .:
    specifiers:
      typescript: '4'
    dependencies:
      typescript: 4.9.5

  packages/react-17:
    specifiers:
      '@types/react': ^17.0.62
      jotai: ^2.2.2
    dependencies:
      '@types/react': 17.0.62
      jotai: 2.2.2

  packages/react-18:
    specifiers:
      '@types/react': '18'
    dependencies:
      '@types/react': 18.2.17

packages:

  /@types/prop-types/15.7.5:
    resolution: {integrity: sha512-JCB8C6SnDoQf0cNycqd/35A7MjcnK+ZTqE7judS6o7utxUCg6imJg3QK2qzHKszlTjcj2cn+NwMB2i96ubpj7w==}
    dev: false

  /@types/react/17.0.62:
    resolution: {integrity: sha512-eANCyz9DG8p/Vdhr0ZKST8JV12PhH2ACCDYlFw6DIO+D+ca+uP4jtEDEpVqXZrh/uZdXQGwk7whJa3ah5DtyLw==}
    dependencies:
      '@types/prop-types': 15.7.5
      '@types/scheduler': 0.16.3
      csstype: 3.1.2
    dev: false

  /@types/react/18.2.17:
    resolution: {integrity: sha512-u+e7OlgPPh+aryjOm5UJMX32OvB2E3QASOAqVMY6Ahs90djagxwv2ya0IctglNbNTexC12qCSMZG47KPfy1hAA==}
    dependencies:
      '@types/prop-types': 15.7.5
      '@types/scheduler': 0.16.3
      csstype: 3.1.2
    dev: false

  /@types/scheduler/0.16.3:
    resolution: {integrity: sha512-5cJ8CB4yAx7BH1oMvdU0Jh9lrEXyPkar6F9G/ERswkCuvP4KQZfZkSjcMbAICCpQTN4OuZn8tz0HiKv9TGZgrQ==}
    dev: false

  /csstype/3.1.2:
    resolution: {integrity: sha512-I7K1Uu0MBPzaFKg4nI5Q7Vs2t+3gWWW648spaF+Rg7pI9ds18Ugn+lvg4SHczUdKlHI5LWBXyqfS8+DufyBsgQ==}
    dev: false

  /jotai/2.2.2:
    resolution: {integrity: sha512-Cn8hnBg1sc5ppFwEgVGTfMR5WSM0hbAasd/bdAwIwTaum0j3OUPqBSC4tyk3jtB95vicML+RRWgKFOn6gtfN0A==}
    engines: {node: '>=12.20.0'}
    peerDependencies:
      react: '>=17.0.0'
    peerDependenciesMeta:
      react:
        optional: true
    dev: false

  /typescript/4.9.5:
    resolution: {integrity: sha512-1FXk9E2Hm+QzZQ7z+McJiHL4NW1F2EzMu9Nq9i3zAaGqibafqYwCVU6WyWAuyQRRzOlxou8xZSyXLEN8oKj24g==}
    engines: {node: '>=4.2.0'}
    hasBin: true
    dev: false
